Microsoft Visual Studio Solution File, Format Version 12.00
# Visual Studio Version 17
VisualStudioVersion = 17.5.2.0
MinimumVisualStudioVersion = 10.0.40219.1
Project("{FAE04EC0-301F-11D3-BF4B-00C04F79EFBC}") = "RimSweeper", "Source\RimSweeper.csproj", "{8D006792-875C-9A10-F109-B19A39DF089D}"
EndProject
Global
	GlobalSection(SolutionConfigurationPlatforms) = preSolution
		Debug|Any CPU = Debug|Any CPU
		Release|Any CPU = Release|Any CPU
	EndGlobalSection
	GlobalSection(ProjectConfigurationPlatforms) = postSolution
		{8D006792-875C-9A10-F109-B19A39DF089D}.Debug|Any CPU.ActiveCfg = Debug|Any CPU
		{8D006792-875C-9A10-F109-B19A39DF089D}.Debug|Any CPU.Build.0 = Debug|Any CPU
		{8D006792-875C-9A10-F109-B19A39DF089D}.Release|Any CPU.ActiveCfg = Release|Any CPU
		{8D006792-875C-9A10-F109-B19A39DF089D}.Release|Any CPU.Build.0 = Release|Any CPU
	EndGlobalSection
	GlobalSection(SolutionProperties) = preSolution
		HideSolutionNode = FALSE
	EndGlobalSection
	GlobalSection(ExtensibilityGlobals) = postSolution
		SolutionGuid = {A2E6A5EC-77AD-420A-B712-9C83CF313253}
	EndGlobalSection
EndGlobal
